
Microsoft Visual Studio Solution File, Format Version 12.00
# Visual Studio 15
VisualStudioVersion = 15.0.28307.421
MinimumVisualStudioVersion = 10.0.40219.1
Project("{FAE04EC0-301F-11D3-BF4B-00C04F79EFBC}") = "ConsoleApp", "ConsoleApp\ConsoleApp.csproj", "{D636168B-825F-45D8-99CA-822DFF0257EE}"
EndProject
Project("{FAE04EC0-301F-11D3-BF4B-00C04F79EFBC}") = "ConsoleApp.Tests", "ConsoleApp.Tests\ConsoleApp.Tests.csproj", "{BA5D52F5-23BA-4DE9-A341-06CE1044DD8F}"
EndProject
Project("{FAE04EC0-301F-11D3-BF4B-00C04F79EFBC}") = "TeamCityProject.CI", "TeamCityProject.CI\TeamCityProject.CI.csproj", "{DA0BD11E-6495-49B5-B86B-78033CD5385B}"
EndProject
Project("{FAE04EC0-301F-11D3-BF4B-00C04F79EFBC}") = "ClassLibrary", "ClassLibrary\ClassLibrary.csproj", "{D5D7C6D7-FB23-4C45-B8FB-7B33485A7C79}"
EndProject
Project("{FAE04EC0-301F-11D3-BF4B-00C04F79EFBC}") = "ClassLibrary.Tests", "ClassLibrary.Tests\ClassLibrary.Tests.csproj", "{244259B1-8184-4F69-B7D4-0753C2A0A3F3}"
EndProject
Global
	GlobalSection(SolutionConfigurationPlatforms) = preSolution
		Debug|Any CPU = Debug|Any CPU
		Release|Any CPU = Release|Any CPU
	EndGlobalSection
	GlobalSection(ProjectConfigurationPlatforms) = postSolution
		{D636168B-825F-45D8-99CA-822DFF0257EE}.Debug|Any CPU.ActiveCfg = Debug|Any CPU
		{D636168B-825F-45D8-99CA-822DFF0257EE}.Debug|Any CPU.Build.0 = Debug|Any CPU
		{D636168B-825F-45D8-99CA-822DFF0257EE}.Release|Any CPU.ActiveCfg = Release|Any CPU
		{D636168B-825F-45D8-99CA-822DFF0257EE}.Release|Any CPU.Build.0 = Release|Any CPU
		{BA5D52F5-23BA-4DE9-A341-06CE1044DD8F}.Debug|Any CPU.ActiveCfg = Debug|Any CPU
		{BA5D52F5-23BA-4DE9-A341-06CE1044DD8F}.Debug|Any CPU.Build.0 = Debug|Any CPU
		{BA5D52F5-23BA-4DE9-A341-06CE1044DD8F}.Release|Any CPU.ActiveCfg = Release|Any CPU
		{BA5D52F5-23BA-4DE9-A341-06CE1044DD8F}.Release|Any CPU.Build.0 = Release|Any CPU
		{DA0BD11E-6495-49B5-B86B-78033CD5385B}.Debug|Any CPU.ActiveCfg = Debug|Any CPU
		{DA0BD11E-6495-49B5-B86B-78033CD5385B}.Debug|Any CPU.Build.0 = Debug|Any CPU
		{DA0BD11E-6495-49B5-B86B-78033CD5385B}.Release|Any CPU.ActiveCfg = Release|Any CPU
		{DA0BD11E-6495-49B5-B86B-78033CD5385B}.Release|Any CPU.Build.0 = Release|Any CPU
		{D5D7C6D7-FB23-4C45-B8FB-7B33485A7C79}.Debug|Any CPU.ActiveCfg = Debug|Any CPU
		{D5D7C6D7-FB23-4C45-B8FB-7B33485A7C79}.Debug|Any CPU.Build.0 = Debug|Any CPU
		{D5D7C6D7-FB23-4C45-B8FB-7B33485A7C79}.Release|Any CPU.ActiveCfg = Release|Any CPU
		{D5D7C6D7-FB23-4C45-B8FB-7B33485A7C79}.Release|Any CPU.Build.0 = Release|Any CPU
		{244259B1-8184-4F69-B7D4-0753C2A0A3F3}.Debug|Any CPU.ActiveCfg = Debug|Any CPU
		{244259B1-8184-4F69-B7D4-0753C2A0A3F3}.Debug|Any CPU.Build.0 = Debug|Any CPU
		{244259B1-8184-4F69-B7D4-0753C2A0A3F3}.Release|Any CPU.ActiveCfg = Release|Any CPU
		{244259B1-8184-4F69-B7D4-0753C2A0A3F3}.Release|Any CPU.Build.0 = Release|Any CPU
	EndGlobalSection
	GlobalSection(SolutionProperties) = preSolution
		HideSolutionNode = FALSE
	EndGlobalSection
	GlobalSection(ExtensibilityGlobals) = postSolution
		SolutionGuid = {B7BB7E4B-E17D-4D3E-8DCF-F7918EFC1D5F}
	EndGlobalSection
EndGlobal
