
Microsoft Visual Studio Solution File, Format Version 12.00
# Visual Studio Version 16
VisualStudioVersion = 16.0.28606.126
MinimumVisualStudioVersion = 10.0.40219.1
Project("{FAE04EC0-301F-11D3-BF4B-00C04F79EFBC}") = "Common.CI", "Common.CI.csproj", "{F0240AF6-C4E0-4782-AA5E-4CAB470561D7}"
EndProject
Global
	GlobalSection(SolutionConfigurationPlatforms) = preSolution
		Debug|Any CPU = Debug|Any CPU
		Release|Any CPU = Release|Any CPU
	EndGlobalSection
	GlobalSection(ProjectConfigurationPlatforms) = postSolution
		{F0240AF6-C4E0-4782-AA5E-4CAB470561D7}.Debug|Any CPU.ActiveCfg = Debug|Any CPU
		{F0240AF6-C4E0-4782-AA5E-4CAB470561D7}.Debug|Any CPU.Build.0 = Debug|Any CPU
		{F0240AF6-C4E0-4782-AA5E-4CAB470561D7}.Release|Any CPU.ActiveCfg = Release|Any CPU
		{F0240AF6-C4E0-4782-AA5E-4CAB470561D7}.Release|Any CPU.Build.0 = Release|Any CPU
	EndGlobalSection
	GlobalSection(SolutionProperties) = preSolution
		HideSolutionNode = FALSE
	EndGlobalSection
	GlobalSection(ExtensibilityGlobals) = postSolution
		SolutionGuid = {5B44361E-EA32-4A5E-9943-B3C3778EDEF3}
	EndGlobalSection
EndGlobal
